# THIS IS AN AUTOGENERATED FILE. DO NOT EDIT THIS FILE DIRECTLY.
# yarn lockfile v1


"@next/env@12.1.7-canary.41":
  version "12.1.7-canary.41"
  resolved "https://registry.yarnpkg.com/@next/env/-/env-12.1.7-canary.41.tgz#8a24643278f5941b78b1886040554d98f06be0c4"
  integrity sha512-VmZeXwRgy58ed087xcH85r/1sRU2tWZnX/rOC7QkbQd3zIcA0IksUyNmjTmSuqyo+W1Vx1vh3wNC9MT4XOvsSQ==

"@next/swc-android-arm-eabi@12.1.7-canary.41":
  version "12.1.7-canary.41"
  resolved "https://registry.yarnpkg.com/@next/swc-android-arm-eabi/-/swc-android-arm-eabi-12.1.7-canary.41.tgz#9d36144f5c57d7a6a902bc9012b748e2d0581306"
  integrity sha512-OLVt2Xkeu4QAFrGZd+EvYG2ncMp90dzekUN8/RWFGqH7zkCS1We1NW6gOAeXPSV9cevBKFmzHESDddwLuY99hA==

"@next/swc-android-arm64@12.1.7-canary.41":
  version "12.1.7-canary.41"
  resolved "https://registry.yarnpkg.com/@next/swc-android-arm64/-/swc-android-arm64-12.1.7-canary.41.tgz#1121850e70ef2806014f369b9865372dedd46dbd"
  integrity sha512-aEad5fRVR8Wse2gQZtFmKk/xQpJPc8cc8d/lTsOzx9aRwhsnK/9vwYy+RIQlXG6W9zzDnwD7icS0UNjgktLeeA==

"@next/swc-darwin-arm64@12.1.7-canary.41":
  version "12.1.7-canary.41"
  resolved "https://registry.yarnpkg.com/@next/swc-darwin-arm64/-/swc-darwin-arm64-12.1.7-canary.41.tgz#9dd8c4d478ff090823d652fb2731422e336a2826"
  integrity sha512-w9V3QVGzxzX8DnleyD8PYKt3Ed6v50H6t1zY+kPUKPhH1jMd7tZqZiShzhOeCLMnGxit0VeHlOqz785jhEcwTg==

"@next/swc-darwin-x64@12.1.7-canary.41":
  version "12.1.7-canary.41"
  resolved "https://registry.yarnpkg.com/@next/swc-darwin-x64/-/swc-darwin-x64-12.1.7-canary.41.tgz#4b7e029475c2989e331332d00f6974f06acb0847"
  integrity sha512-LuBPGtd0sJdHJWW+R77NgzkuW8S4SvPqMF/FREl1qV2Q7qPsx206rKBMdOMIowwPy9UJv7uePGK6kW2lLnE1pg==

"@next/swc-freebsd-x64@12.1.7-canary.41":
  version "12.1.7-canary.41"
  resolved "https://registry.yarnpkg.com/@next/swc-freebsd-x64/-/swc-freebsd-x64-12.1.7-canary.41.tgz#1fe2455a8ce9ff57efa69a76ca510e1df8bf7f30"
  integrity sha512-HxeyoCVCswc/ElsmzfY85g3KRbuwR9c70ICfJcQJMFkhPvtxMKdWo2m42EnvX0ZJJuv4xbU/+MxxssSnWwgrlg==

"@next/swc-linux-arm-gnueabihf@12.1.7-canary.41":
  version "12.1.7-canary.41"
  resolved "https://registry.yarnpkg.com/@next/swc-linux-arm-gnueabihf/-/swc-linux-arm-gnueabihf-12.1.7-canary.41.tgz#63b00d20fa0aca370ce934fd98c6ecc9b054fac5"
  integrity sha512-6ga3RM0fja7jRJlxpYd154eUhB+vfjF7OlMfc/S7FOT6Ks7ti3eGp9nsW0JQ5LFNcyE5lVe6ICKHVCGUaGAS1g==

"@next/swc-linux-arm64-gnu@12.1.7-canary.41":
  version "12.1.7-canary.41"
  resolved "https://registry.yarnpkg.com/@next/swc-linux-arm64-gnu/-/swc-linux-arm64-gnu-12.1.7-canary.41.tgz#aca014c8341ff33d87bd596e0fc7fbadf02ce5a9"
  integrity sha512-AFyMzqvzoRT80IavAhyN5iJLvM6RTkKsxVic/U857qCe6q2FAKD0m6V6GK35PTv8kDqOG3PH5VykfYsHDBpKKQ==

"@next/swc-linux-arm64-musl@12.1.7-canary.41":
  version "12.1.7-canary.41"
  resolved "https://registry.yarnpkg.com/@next/swc-linux-arm64-musl/-/swc-linux-arm64-musl-12.1.7-canary.41.tgz#82f80f815ab3d308598d7f28f3785da0a43a2b3b"
  integrity sha512-/DMYC6iGYgkQGUid1qBmRRkAoonVIF5VMYjaK/apBhUdWNBqpa/jNCpn/NQs2NOL8QnnMx4wMGxNIOBm2AGOPQ==

"@next/swc-linux-x64-gnu@12.1.7-canary.41":
  version "12.1.7-canary.41"
  resolved "https://registry.yarnpkg.com/@next/swc-linux-x64-gnu/-/swc-linux-x64-gnu-12.1.7-canary.41.tgz#bf46ccbd609def43d46a3612ec176919e0cb3852"
  integrity sha512-qwHN5j2kT11F+xJSwMIeZPqNgfzM2tmfhNf5ruU/erf5RU90gr5+jcfbKQzuL5grj9PnrRkfKTH9Rms2GNrx+g==

"@next/swc-linux-x64-musl@12.1.7-canary.41":
  version "12.1.7-canary.41"
  resolved "https://registry.yarnpkg.com/@next/swc-linux-x64-musl/-/swc-linux-x64-musl-12.1.7-canary.41.tgz#4a4342a314455c120b1c103ad4bde7099b1fcc93"
  integrity sha512-rlyRorqisG0rtPKQM1kNC/mYNRSCPFaDCaB+hzTfVmfBNWZYktKYLhImHc36TSr90HO5ZOPIH2fXxAt/bEOMaA==

"@next/swc-win32-arm64-msvc@12.1.7-canary.41":
  version "12.1.7-canary.41"
  resolved "https://registry.yarnpkg.com/@next/swc-win32-arm64-msvc/-/swc-win32-arm64-msvc-12.1.7-canary.41.tgz#1d76016ed1d9a911a86fef9bec34085729835ef0"
  integrity sha512-vpxjL2KVuXLE6g2wqbH5hK1SF2rZjOq0XgaBov1TN069BkeZ6yfAHe2VTBBe6XkYjhbKiCNGoei/+YD1GZITzw==

"@next/swc-win32-ia32-msvc@12.1.7-canary.41":
  version "12.1.7-canary.41"
  resolved "https://registry.yarnpkg.com/@next/swc-win32-ia32-msvc/-/swc-win32-ia32-msvc-12.1.7-canary.41.tgz#2b1d056b0442722bf89b9b9b6983609f9ea9a115"
  integrity sha512-uOq/vK7njl0Fn9l87g4tKTPiSu7vrAIroPQQdO1vcuZ5cn/DGYcYh2JE9akq8bLVWMuhtc+LxnS62yQc5cJpPA==

"@next/swc-win32-x64-msvc@12.1.7-canary.41":
  version "12.1.7-canary.41"
  resolved "https://registry.yarnpkg.com/@next/swc-win32-x64-msvc/-/swc-win32-x64-msvc-12.1.7-canary.41.tgz#67dca62a8e391680ed100b35bd98de3ae3c782cc"
  integrity sha512-E3kleIYKF9aOU7K208ZJ5A7R9ELiS+3Ax6xOdM/wj9zez5jChgT5BCIY4UNJx1VzLOycREP3Y7gCEQGQY6SAxg==

"@swc/helpers@0.3.17":
  version "0.3.17"
  resolved "https://registry.yarnpkg.com/@swc/helpers/-/helpers-0.3.17.tgz#7c1b91f43c77e2bba99492162a498d465ef253d5"
  integrity sha512-tb7Iu+oZ+zWJZ3HJqwx8oNwSDIU440hmVMDPhpACWQWnrZHK99Bxs70gT1L2dnr5Hg50ZRWEFkQCAnOVVV0z1Q==
  dependencies:
    tslib "^2.4.0"

caniuse-lite@^1.0.30001332:
  version "1.0.30001357"
  resolved "https://registry.yarnpkg.com/caniuse-lite/-/caniuse-lite-1.0.30001357.tgz#dec7fc4158ef6ad24690d0eec7b91f32b8cb1b5d"
  integrity sha512-b+KbWHdHePp+ZpNj+RDHFChZmuN+J5EvuQUlee9jOQIUAdhv9uvAZeEtUeLAknXbkiu1uxjQ9NLp1ie894CuWg==

"js-tokens@^3.0.0 || ^4.0.0":
  version "4.0.0"
  resolved "https://registry.yarnpkg.com/js-tokens/-/js-tokens-4.0.0.tgz#19203fb59991df98e3a287050d4647cdeaf32499"
  integrity sha512-RdJUflcE3cUzKiMqQgsCu06FPu9UdIJO0beYbPhHN4k6apgJtifcoCtT9bcxOpYBtpD2kCM6Sbzg4CausW/PKQ==

loose-envify@^1.1.0:
  version "1.4.0"
  resolved "https://registry.yarnpkg.com/loose-envify/-/loose-envify-1.4.0.tgz#71ee51fa7be4caec1a63839f7e682d8132d30caf"
  integrity sha512-lyuxPGr/Wfhrlem2CL/UcnUc1zcqKAImBDzukY7Y5F/yQiNdko6+fRLevlw1HgMySw7f611UIY408EtxRSoK3Q==
  dependencies:
    js-tokens "^3.0.0 || ^4.0.0"

nanoid@^3.1.30:
  version "3.3.2"
  resolved "https://registry.yarnpkg.com/nanoid/-/nanoid-3.3.2.tgz#c89622fafb4381cd221421c69ec58547a1eec557"
  integrity sha512-CuHBogktKwpm5g2sRgv83jEy2ijFzBwMoYA60orPDR7ynsLijJDqgsi4RDGj3OJpy3Ieb+LYwiRmIOGyytgITA==

next@latest@canary:
  version "12.1.7-canary.41"
  resolved "https://registry.yarnpkg.com/next/-/next-12.1.7-canary.41.tgz#21280e3c8dc2694194a5837a7e8db54042f656ad"
  integrity sha512-+Rt2Rr/E4kBubMxK/83+ZnL/Vvroi7cjDhxJGjthUi7CJK8Y8QCKM2pb+8Cn7nEWLHBPkTjV121YUlIij03s2A==
  dependencies:
    "@next/env" "12.1.7-canary.41"
    "@swc/helpers" "0.3.17"
    caniuse-lite "^1.0.30001332"
    postcss "8.4.5"
    styled-jsx "5.0.2"
    use-sync-external-store "1.1.0"
  optionalDependencies:
    "@next/swc-android-arm-eabi" "12.1.7-canary.41"
    "@next/swc-android-arm64" "12.1.7-canary.41"
    "@next/swc-darwin-arm64" "12.1.7-canary.41"
    "@next/swc-darwin-x64" "12.1.7-canary.41"
    "@next/swc-freebsd-x64" "12.1.7-canary.41"
    "@next/swc-linux-arm-gnueabihf" "12.1.7-canary.41"
    "@next/swc-linux-arm64-gnu" "12.1.7-canary.41"
    "@next/swc-linux-arm64-musl" "12.1.7-canary.41"
    "@next/swc-linux-x64-gnu" "12.1.7-canary.41"
    "@next/swc-linux-x64-musl" "12.1.7-canary.41"
    "@next/swc-win32-arm64-msvc" "12.1.7-canary.41"
    "@next/swc-win32-ia32-msvc" "12.1.7-canary.41"
    "@next/swc-win32-x64-msvc" "12.1.7-canary.41"

object-assign@^4.1.1:
  version "4.1.1"
  resolved "https://registry.yarnpkg.com/object-assign/-/object-assign-4.1.1.tgz#2109adc7965887cfc05cbbd442cac8bfbb360863"
  integrity sha1-IQmtx5ZYh8/AXLvUQsrIv7s2CGM=

picocolors@^1.0.0:
  version "1.0.0"
  resolved "https://registry.yarnpkg.com/picocolors/-/picocolors-1.0.0.tgz#cb5bdc74ff3f51892236eaf79d68bc44564ab81c"
  integrity sha512-1fygroTLlHu66zi26VoTDv8yRgm0Fccecssto+MhsZ0D/DGW2sm8E8AjW7NU5VVTRt5GxbeZ5qBuJr+HyLYkjQ==

postcss@8.4.5:
  version "8.4.5"
  resolved "https://registry.yarnpkg.com/postcss/-/postcss-8.4.5.tgz#bae665764dfd4c6fcc24dc0fdf7e7aa00cc77f95"
  integrity sha512-jBDboWM8qpaqwkMwItqTQTiFikhs/67OYVvblFFTM7MrZjt6yMKd6r2kgXizEbTTljacm4NldIlZnhbjr84QYg==
  dependencies:
    nanoid "^3.1.30"
    picocolors "^1.0.0"
    source-map-js "^1.0.1"

react-dom@^17.0.2:
  version "17.0.2"
  resolved "https://registry.yarnpkg.com/react-dom/-/react-dom-17.0.2.tgz#ecffb6845e3ad8dbfcdc498f0d0a939736502c23"
  integrity sha512-s4h96KtLDUQlsENhMn1ar8t2bEa+q/YAtj8pPPdIjPDGBDIVNsrD9aXNWqspUe6AzKCIG0C1HZZLqLV7qpOBGA==
  dependencies:
    loose-envify "^1.1.0"
    object-assign "^4.1.1"
    scheduler "^0.20.2"

react@^17.0.2:
  version "17.0.2"
  resolved "https://registry.yarnpkg.com/react/-/react-17.0.2.tgz#d0b5cc516d29eb3eee383f75b62864cfb6800037"
  integrity sha512-gnhPt75i/dq/z3/6q/0asP78D0u592D5L1pd7M8P+dck6Fu/jJeL6iVVK23fptSUZj8Vjf++7wXA8UNclGQcbA==
  dependencies:
    loose-envify "^1.1.0"
    object-assign "^4.1.1"

scheduler@^0.20.2:
  version "0.20.2"
  resolved "https://registry.yarnpkg.com/scheduler/-/scheduler-0.20.2.tgz#4baee39436e34aa93b4874bddcbf0fe8b8b50e91"
  integrity sha512-2eWfGgAqqWFGqtdMmcL5zCMK1U8KlXv8SQFGglL3CEtd0aDVDWgeF/YoCmvln55m5zSk3J/20hTaSBeSObsQDQ==
  dependencies:
    loose-envify "^1.1.0"
    object-assign "^4.1.1"

source-map-js@^1.0.1:
  version "1.0.2"
  resolved "https://registry.yarnpkg.com/source-map-js/-/source-map-js-1.0.2.tgz#adbc361d9c62df380125e7f161f71c826f1e490c"
  integrity sha512-R0XvVJ9WusLiqTCEiGCmICCMplcCkIwwR11mOSD9CR5u+IXYdiseeEuXCVAjS54zqwkLcPNnmU4OeJ6tUrWhDw==

styled-jsx@5.0.2:
  version "5.0.2"
  resolved "https://registry.yarnpkg.com/styled-jsx/-/styled-jsx-5.0.2.tgz#ff230fd593b737e9e68b630a694d460425478729"
  integrity sha512-LqPQrbBh3egD57NBcHET4qcgshPks+yblyhPlH2GY8oaDgKs8SK4C3dBh3oSJjgzJ3G5t1SYEZGHkP+QEpX9EQ==

tslib@^2.4.0:
  version "2.4.0"
  resolved "https://registry.yarnpkg.com/tslib/-/tslib-2.4.0.tgz#7cecaa7f073ce680a05847aa77be941098f36dc3"
  integrity sha512-d6xOpEDfsi2CZVlPQzGeux8XMwLT9hssAsaPYExaQMuYskwb+x1x7J371tWlbBdWHroy99KnVB6qIkUbs5X3UQ==

use-sync-external-store@1.1.0:
  version "1.1.0"
  resolved "https://registry.yarnpkg.com/use-sync-external-store/-/use-sync-external-store-1.1.0.tgz#3343c3fe7f7e404db70f8c687adf5c1652d34e82"
  integrity sha512-SEnieB2FPKEVne66NpXPd1Np4R1lTNKfjuy3XdIoPQKYBAFdzbzSZlSn1KJZUiihQLQC5Znot4SBz1EOTBwQAQ==
